{
  "version": 4,
  "terraform_version": "0.13.7",
  "serial": 80,
  "lineage": "41cc2525-e819-1f23-8153-4f2904eb35ac",
  "outputs": {},
  "resources": [
    {
      "module": "module.admin_project",
      "mode": "managed",
      "type": "google_project",
      "name": "admin_project",
      "provider": "provider[\"registry.terraform.io/hashicorp/google\"]",
      "instances": [
        {
          "schema_version": 1,
          "attributes": {
            "auto_create_network": true,
            "billing_account": "009DE6-A7C95A-2AEE97",
            "folder_id": "436745444848",
            "id": "projects/revell-cd2-admin",
            "labels": {},
            "name": "CD2 admin",
            "number": "75392005147",
            "org_id": "",
            "project_id": "revell-cd2-admin",
            "skip_delete": null,
            "timeouts": null
          },
          "private": "eyJlMmJmYjczMC1lY2FhLTExZTYtOGY4OC0zNDM2M2JjN2M0YzAiOnsiY3JlYXRlIjo2MDAwMDAwMDAwMDAsImRlbGV0ZSI6NjAwMDAwMDAwMDAwLCJyZWFkIjo2MDAwMDAwMDAwMDAsInVwZGF0ZSI6NjAwMDAwMDAwMDAwfSwic2NoZW1hX3ZlcnNpb24iOiIxIn0="
        }
      ]
    },
    {
      "module": "module.admin_project",
      "mode": "managed",
      "type": "google_project_service",
      "name": "admin_enabled_services",
      "provider": "provider[\"registry.terraform.io/hashicorp/google\"]",
      "instances": [
        {
          "index_key": "artifactregistry.googleapis.com",
          "schema_version": 0,
          "attributes": {
            "disable_dependent_services": null,
            "disable_on_destroy": true,
            "id": "revell-cd2-admin/artifactregistry.googleapis.com",
            "project": "revell-cd2-admin",
            "service": "artifactregistry.googleapis.com",
            "timeouts": null
          },
          "private": "eyJlMmJmYjczMC1lY2FhLTExZTYtOGY4OC0zNDM2M2JjN2M0YzAiOnsiY3JlYXRlIjoxMjAwMDAwMDAwMDAwLCJkZWxldGUiOjEyMDAwMDAwMDAwMDAsInJlYWQiOjYwMDAwMDAwMDAwMCwidXBkYXRlIjoxMjAwMDAwMDAwMDAwfX0=",
          "dependencies": [
            "module.admin_project.google_project.admin_project"
          ]
        },
        {
          "index_key": "cloudbuild.googleapis.com",
          "schema_version": 0,
          "attributes": {
            "disable_dependent_services": null,
            "disable_on_destroy": true,
            "id": "revell-cd2-admin/cloudbuild.googleapis.com",
            "project": "revell-cd2-admin",
            "service": "cloudbuild.googleapis.com",
            "timeouts": null
          },
          "private": "eyJlMmJmYjczMC1lY2FhLTExZTYtOGY4OC0zNDM2M2JjN2M0YzAiOnsiY3JlYXRlIjoxMjAwMDAwMDAwMDAwLCJkZWxldGUiOjEyMDAwMDAwMDAwMDAsInJlYWQiOjYwMDAwMDAwMDAwMCwidXBkYXRlIjoxMjAwMDAwMDAwMDAwfX0=",
          "dependencies": [
            "module.admin_project.google_project.admin_project"
          ]
        },
        {
          "index_key": "clouddeploy.googleapis.com",
          "schema_version": 0,
          "attributes": {
            "disable_dependent_services": null,
            "disable_on_destroy": true,
            "id": "revell-cd2-admin/clouddeploy.googleapis.com",
            "project": "revell-cd2-admin",
            "service": "clouddeploy.googleapis.com",
            "timeouts": null
          },
          "private": "eyJlMmJmYjczMC1lY2FhLTExZTYtOGY4OC0zNDM2M2JjN2M0YzAiOnsiY3JlYXRlIjoxMjAwMDAwMDAwMDAwLCJkZWxldGUiOjEyMDAwMDAwMDAwMDAsInJlYWQiOjYwMDAwMDAwMDAwMCwidXBkYXRlIjoxMjAwMDAwMDAwMDAwfX0=",
          "dependencies": [
            "module.admin_project.google_project.admin_project"
          ]
        },
        {
          "index_key": "compute.googleapis.com",
          "schema_version": 0,
          "attributes": {
            "disable_dependent_services": null,
            "disable_on_destroy": true,
            "id": "revell-cd2-admin/compute.googleapis.com",
            "project": "revell-cd2-admin",
            "service": "compute.googleapis.com",
            "timeouts": null
          },
          "private": "eyJlMmJmYjczMC1lY2FhLTExZTYtOGY4OC0zNDM2M2JjN2M0YzAiOnsiY3JlYXRlIjoxMjAwMDAwMDAwMDAwLCJkZWxldGUiOjEyMDAwMDAwMDAwMDAsInJlYWQiOjYwMDAwMDAwMDAwMCwidXBkYXRlIjoxMjAwMDAwMDAwMDAwfX0=",
          "dependencies": [
            "module.admin_project.google_project.admin_project"
          ]
        },
        {
          "index_key": "iam.googleapis.com",
          "schema_version": 0,
          "attributes": {
            "disable_dependent_services": null,
            "disable_on_destroy": true,
            "id": "revell-cd2-admin/iam.googleapis.com",
            "project": "revell-cd2-admin",
            "service": "iam.googleapis.com",
            "timeouts": null
          },
          "private": "eyJlMmJmYjczMC1lY2FhLTExZTYtOGY4OC0zNDM2M2JjN2M0YzAiOnsiY3JlYXRlIjoxMjAwMDAwMDAwMDAwLCJkZWxldGUiOjEyMDAwMDAwMDAwMDAsInJlYWQiOjYwMDAwMDAwMDAwMCwidXBkYXRlIjoxMjAwMDAwMDAwMDAwfX0=",
          "dependencies": [
            "module.admin_project.google_project.admin_project"
          ]
        }
      ]
    },
    {
      "module": "module.admin_project",
      "mode": "managed",
      "type": "google_service_account",
      "name": "deployer_service_account",
      "provider": "provider[\"registry.terraform.io/hashicorp/google\"]",
      "instances": [
        {
          "schema_version": 0,
          "attributes": {
            "account_id": "cloud-deploy-deployer",
            "description": "",
            "display_name": "Cloud Deploy deployer",
            "email": "cloud-deploy-deployer@revell-cd2-admin.iam.gserviceaccount.com",
            "id": "projects/revell-cd2-admin/serviceAccounts/cloud-deploy-deployer@revell-cd2-admin.iam.gserviceaccount.com",
            "name": "projects/revell-cd2-admin/serviceAccounts/cloud-deploy-deployer@revell-cd2-admin.iam.gserviceaccount.com",
            "project": "revell-cd2-admin",
            "timeouts": null,
            "unique_id": "116386994454793182665"
          },
          "private": "eyJlMmJmYjczMC1lY2FhLTExZTYtOGY4OC0zNDM2M2JjN2M0YzAiOnsiY3JlYXRlIjozMDAwMDAwMDAwMDB9fQ==",
          "dependencies": [
            "module.admin_project.google_project.admin_project"
          ]
        }
      ]
    },
    {
      "module": "module.child_projects[\"dev\"]",
      "mode": "managed",
      "type": "google_project",
      "name": "project",
      "provider": "provider[\"registry.terraform.io/hashicorp/google\"]",
      "instances": [
        {
          "schema_version": 1,
          "attributes": {
            "auto_create_network": true,
            "billing_account": "009DE6-A7C95A-2AEE97",
            "folder_id": "436745444848",
            "id": "projects/revell-cd2-dev",
            "labels": {},
            "name": "CD2 dev",
            "number": "76257275593",
            "org_id": "",
            "project_id": "revell-cd2-dev",
            "skip_delete": null,
            "timeouts": null
          },
          "private": "eyJlMmJmYjczMC1lY2FhLTExZTYtOGY4OC0zNDM2M2JjN2M0YzAiOnsiY3JlYXRlIjo2MDAwMDAwMDAwMDAsImRlbGV0ZSI6NjAwMDAwMDAwMDAwLCJyZWFkIjo2MDAwMDAwMDAwMDAsInVwZGF0ZSI6NjAwMDAwMDAwMDAwfSwic2NoZW1hX3ZlcnNpb24iOiIxIn0="
        }
      ]
    },
    {
      "module": "module.child_projects[\"dev\"]",
      "mode": "managed",
      "type": "google_project_service",
      "name": "child_enabled_services",
      "provider": "provider[\"registry.terraform.io/hashicorp/google\"]",
      "instances": [
        {
          "index_key": "compute.googleapis.com",
          "schema_version": 0,
          "attributes": {
            "disable_dependent_services": null,
            "disable_on_destroy": true,
            "id": "revell-cd2-dev/compute.googleapis.com",
            "project": "revell-cd2-dev",
            "service": "compute.googleapis.com",
            "timeouts": null
          },
          "private": "eyJlMmJmYjczMC1lY2FhLTExZTYtOGY4OC0zNDM2M2JjN2M0YzAiOnsiY3JlYXRlIjoxMjAwMDAwMDAwMDAwLCJkZWxldGUiOjEyMDAwMDAwMDAwMDAsInJlYWQiOjYwMDAwMDAwMDAwMCwidXBkYXRlIjoxMjAwMDAwMDAwMDAwfX0=",
          "dependencies": [
            "module.child_projects.google_project.project"
          ]
        },
        {
          "index_key": "iam.googleapis.com",
          "schema_version": 0,
          "attributes": {
            "disable_dependent_services": null,
            "disable_on_destroy": true,
            "id": "revell-cd2-dev/iam.googleapis.com",
            "project": "revell-cd2-dev",
            "service": "iam.googleapis.com",
            "timeouts": null
          },
          "private": "eyJlMmJmYjczMC1lY2FhLTExZTYtOGY4OC0zNDM2M2JjN2M0YzAiOnsiY3JlYXRlIjoxMjAwMDAwMDAwMDAwLCJkZWxldGUiOjEyMDAwMDAwMDAwMDAsInJlYWQiOjYwMDAwMDAwMDAwMCwidXBkYXRlIjoxMjAwMDAwMDAwMDAwfX0=",
          "dependencies": [
            "module.child_projects.google_project.project"
          ]
        },
        {
          "index_key": "run.googleapis.com",
          "schema_version": 0,
          "attributes": {
            "disable_dependent_services": null,
            "disable_on_destroy": true,
            "id": "revell-cd2-dev/run.googleapis.com",
            "project": "revell-cd2-dev",
            "service": "run.googleapis.com",
            "timeouts": null
          },
          "private": "eyJlMmJmYjczMC1lY2FhLTExZTYtOGY4OC0zNDM2M2JjN2M0YzAiOnsiY3JlYXRlIjoxMjAwMDAwMDAwMDAwLCJkZWxldGUiOjEyMDAwMDAwMDAwMDAsInJlYWQiOjYwMDAwMDAwMDAwMCwidXBkYXRlIjoxMjAwMDAwMDAwMDAwfX0=",
          "dependencies": [
            "module.child_projects.google_project.project"
          ]
        }
      ]
    },
    {
      "module": "module.child_projects[\"dev\"]",
      "mode": "managed",
      "type": "google_service_account",
      "name": "deployer_service_account",
      "provider": "provider[\"registry.terraform.io/hashicorp/google\"]",
      "instances": [
        {
          "schema_version": 0,
          "attributes": {
            "account_id": "cloud-deploy-deployer",
            "description": "",
            "display_name": "Cloud Deploy deployer",
            "email": "cloud-deploy-deployer@revell-cd2-dev.iam.gserviceaccount.com",
            "id": "projects/revell-cd2-dev/serviceAccounts/cloud-deploy-deployer@revell-cd2-dev.iam.gserviceaccount.com",
            "name": "projects/revell-cd2-dev/serviceAccounts/cloud-deploy-deployer@revell-cd2-dev.iam.gserviceaccount.com",
            "project": "revell-cd2-dev",
            "timeouts": null,
            "unique_id": "118192568796145309872"
          },
          "private": "eyJlMmJmYjczMC1lY2FhLTExZTYtOGY4OC0zNDM2M2JjN2M0YzAiOnsiY3JlYXRlIjozMDAwMDAwMDAwMDB9fQ==",
          "dependencies": [
            "module.child_projects.google_project.project"
          ]
        }
      ]
    },
    {
      "module": "module.child_projects[\"prod\"]",
      "mode": "managed",
      "type": "google_project",
      "name": "project",
      "provider": "provider[\"registry.terraform.io/hashicorp/google\"]",
      "instances": [
        {
          "schema_version": 1,
          "attributes": {
            "auto_create_network": true,
            "billing_account": "009DE6-A7C95A-2AEE97",
            "folder_id": "436745444848",
            "id": "projects/revell-cd2-prod",
            "labels": {},
            "name": "CD2 prod",
            "number": "689588880525",
            "org_id": "",
            "project_id": "revell-cd2-prod",
            "skip_delete": null,
            "timeouts": null
          },
          "private": "eyJlMmJmYjczMC1lY2FhLTExZTYtOGY4OC0zNDM2M2JjN2M0YzAiOnsiY3JlYXRlIjo2MDAwMDAwMDAwMDAsImRlbGV0ZSI6NjAwMDAwMDAwMDAwLCJyZWFkIjo2MDAwMDAwMDAwMDAsInVwZGF0ZSI6NjAwMDAwMDAwMDAwfSwic2NoZW1hX3ZlcnNpb24iOiIxIn0="
        }
      ]
    },
    {
      "module": "module.child_projects[\"prod\"]",
      "mode": "managed",
      "type": "google_project_service",
      "name": "child_enabled_services",
      "provider": "provider[\"registry.terraform.io/hashicorp/google\"]",
      "instances": [
        {
          "index_key": "compute.googleapis.com",
          "schema_version": 0,
          "attributes": {
            "disable_dependent_services": null,
            "disable_on_destroy": true,
            "id": "revell-cd2-prod/compute.googleapis.com",
            "project": "revell-cd2-prod",
            "service": "compute.googleapis.com",
            "timeouts": null
          },
          "private": "eyJlMmJmYjczMC1lY2FhLTExZTYtOGY4OC0zNDM2M2JjN2M0YzAiOnsiY3JlYXRlIjoxMjAwMDAwMDAwMDAwLCJkZWxldGUiOjEyMDAwMDAwMDAwMDAsInJlYWQiOjYwMDAwMDAwMDAwMCwidXBkYXRlIjoxMjAwMDAwMDAwMDAwfX0=",
          "dependencies": [
            "module.child_projects.google_project.project"
          ]
        },
        {
          "index_key": "iam.googleapis.com",
          "schema_version": 0,
          "attributes": {
            "disable_dependent_services": null,
            "disable_on_destroy": true,
            "id": "revell-cd2-prod/iam.googleapis.com",
            "project": "revell-cd2-prod",
            "service": "iam.googleapis.com",
            "timeouts": null
          },
          "private": "eyJlMmJmYjczMC1lY2FhLTExZTYtOGY4OC0zNDM2M2JjN2M0YzAiOnsiY3JlYXRlIjoxMjAwMDAwMDAwMDAwLCJkZWxldGUiOjEyMDAwMDAwMDAwMDAsInJlYWQiOjYwMDAwMDAwMDAwMCwidXBkYXRlIjoxMjAwMDAwMDAwMDAwfX0=",
          "dependencies": [
            "module.child_projects.google_project.project"
          ]
        },
        {
          "index_key": "run.googleapis.com",
          "schema_version": 0,
          "attributes": {
            "disable_dependent_services": null,
            "disable_on_destroy": true,
            "id": "revell-cd2-prod/run.googleapis.com",
            "project": "revell-cd2-prod",
            "service": "run.googleapis.com",
            "timeouts": null
          },
          "private": "eyJlMmJmYjczMC1lY2FhLTExZTYtOGY4OC0zNDM2M2JjN2M0YzAiOnsiY3JlYXRlIjoxMjAwMDAwMDAwMDAwLCJkZWxldGUiOjEyMDAwMDAwMDAwMDAsInJlYWQiOjYwMDAwMDAwMDAwMCwidXBkYXRlIjoxMjAwMDAwMDAwMDAwfX0=",
          "dependencies": [
            "module.child_projects.google_project.project"
          ]
        }
      ]
    },
    {
      "module": "module.child_projects[\"prod\"]",
      "mode": "managed",
      "type": "google_service_account",
      "name": "deployer_service_account",
      "provider": "provider[\"registry.terraform.io/hashicorp/google\"]",
      "instances": [
        {
          "schema_version": 0,
          "attributes": {
            "account_id": "cloud-deploy-deployer",
            "description": "",
            "display_name": "Cloud Deploy deployer",
            "email": "cloud-deploy-deployer@revell-cd2-prod.iam.gserviceaccount.com",
            "id": "projects/revell-cd2-prod/serviceAccounts/cloud-deploy-deployer@revell-cd2-prod.iam.gserviceaccount.com",
            "name": "projects/revell-cd2-prod/serviceAccounts/cloud-deploy-deployer@revell-cd2-prod.iam.gserviceaccount.com",
            "project": "revell-cd2-prod",
            "timeouts": null,
            "unique_id": "113292118841152593136"
          },
          "private": "eyJlMmJmYjczMC1lY2FhLTExZTYtOGY4OC0zNDM2M2JjN2M0YzAiOnsiY3JlYXRlIjozMDAwMDAwMDAwMDB9fQ==",
          "dependencies": [
            "module.child_projects.google_project.project"
          ]
        }
      ]
    },
    {
      "module": "module.child_projects[\"staging\"]",
      "mode": "managed",
      "type": "google_project",
      "name": "project",
      "provider": "provider[\"registry.terraform.io/hashicorp/google\"]",
      "instances": [
        {
          "schema_version": 1,
          "attributes": {
            "auto_create_network": true,
            "billing_account": "009DE6-A7C95A-2AEE97",
            "folder_id": "436745444848",
            "id": "projects/revell-cd2-staging",
            "labels": {},
            "name": "CD2 staging",
            "number": "348233620581",
            "org_id": "",
            "project_id": "revell-cd2-staging",
            "skip_delete": null,
            "timeouts": null
          },
          "private": "eyJlMmJmYjczMC1lY2FhLTExZTYtOGY4OC0zNDM2M2JjN2M0YzAiOnsiY3JlYXRlIjo2MDAwMDAwMDAwMDAsImRlbGV0ZSI6NjAwMDAwMDAwMDAwLCJyZWFkIjo2MDAwMDAwMDAwMDAsInVwZGF0ZSI6NjAwMDAwMDAwMDAwfSwic2NoZW1hX3ZlcnNpb24iOiIxIn0="
        }
      ]
    },
    {
      "module": "module.child_projects[\"staging\"]",
      "mode": "managed",
      "type": "google_project_service",
      "name": "child_enabled_services",
      "provider": "provider[\"registry.terraform.io/hashicorp/google\"]",
      "instances": [
        {
          "index_key": "compute.googleapis.com",
          "schema_version": 0,
          "attributes": {
            "disable_dependent_services": null,
            "disable_on_destroy": true,
            "id": "revell-cd2-staging/compute.googleapis.com",
            "project": "revell-cd2-staging",
            "service": "compute.googleapis.com",
            "timeouts": null
          },
          "private": "eyJlMmJmYjczMC1lY2FhLTExZTYtOGY4OC0zNDM2M2JjN2M0YzAiOnsiY3JlYXRlIjoxMjAwMDAwMDAwMDAwLCJkZWxldGUiOjEyMDAwMDAwMDAwMDAsInJlYWQiOjYwMDAwMDAwMDAwMCwidXBkYXRlIjoxMjAwMDAwMDAwMDAwfX0=",
          "dependencies": [
            "module.child_projects.google_project.project"
          ]
        },
        {
          "index_key": "iam.googleapis.com",
          "schema_version": 0,
          "attributes": {
            "disable_dependent_services": null,
            "disable_on_destroy": true,
            "id": "revell-cd2-staging/iam.googleapis.com",
            "project": "revell-cd2-staging",
            "service": "iam.googleapis.com",
            "timeouts": null
          },
          "private": "eyJlMmJmYjczMC1lY2FhLTExZTYtOGY4OC0zNDM2M2JjN2M0YzAiOnsiY3JlYXRlIjoxMjAwMDAwMDAwMDAwLCJkZWxldGUiOjEyMDAwMDAwMDAwMDAsInJlYWQiOjYwMDAwMDAwMDAwMCwidXBkYXRlIjoxMjAwMDAwMDAwMDAwfX0=",
          "dependencies": [
            "module.child_projects.google_project.project"
          ]
        },
        {
          "index_key": "run.googleapis.com",
          "schema_version": 0,
          "attributes": {
            "disable_dependent_services": null,
            "disable_on_destroy": true,
            "id": "revell-cd2-staging/run.googleapis.com",
            "project": "revell-cd2-staging",
            "service": "run.googleapis.com",
            "timeouts": null
          },
          "private": "eyJlMmJmYjczMC1lY2FhLTExZTYtOGY4OC0zNDM2M2JjN2M0YzAiOnsiY3JlYXRlIjoxMjAwMDAwMDAwMDAwLCJkZWxldGUiOjEyMDAwMDAwMDAwMDAsInJlYWQiOjYwMDAwMDAwMDAwMCwidXBkYXRlIjoxMjAwMDAwMDAwMDAwfX0=",
          "dependencies": [
            "module.child_projects.google_project.project"
          ]
        }
      ]
    },
    {
      "module": "module.child_projects[\"staging\"]",
      "mode": "managed",
      "type": "google_service_account",
      "name": "deployer_service_account",
      "provider": "provider[\"registry.terraform.io/hashicorp/google\"]",
      "instances": [
        {
          "schema_version": 0,
          "attributes": {
            "account_id": "cloud-deploy-deployer",
            "description": "",
            "display_name": "Cloud Deploy deployer",
            "email": "cloud-deploy-deployer@revell-cd2-staging.iam.gserviceaccount.com",
            "id": "projects/revell-cd2-staging/serviceAccounts/cloud-deploy-deployer@revell-cd2-staging.iam.gserviceaccount.com",
            "name": "projects/revell-cd2-staging/serviceAccounts/cloud-deploy-deployer@revell-cd2-staging.iam.gserviceaccount.com",
            "project": "revell-cd2-staging",
            "timeouts": null,
            "unique_id": "102466529198025991569"
          },
          "private": "eyJlMmJmYjczMC1lY2FhLTExZTYtOGY4OC0zNDM2M2JjN2M0YzAiOnsiY3JlYXRlIjozMDAwMDAwMDAwMDB9fQ==",
          "dependencies": [
            "module.child_projects.google_project.project"
          ]
        }
      ]
    }
  ]
}
